{
  "name": "@tomerkakou/fortune-sheet-react",
  "version": "0.5.17",
  "lockfileVersion": 1,
  "requires": true,
  "dependencies": {
    "@formulajs/formulajs": {
      "version": "2.9.3",
      "resolved": "https://registry.npmjs.org/@formulajs/formulajs/-/formulajs-2.9.3.tgz",
      "integrity": "sha512-WpgiuJaBl/Hcda9Ti8a7mlnw/vUZkJrtjABvojz6P6mo6d8EscudyA7iAt/kTLsgi0c8zfmzQd/Yjb4ASFkw+g==",
      "requires": {
        "bessel": "^1.0.2",
        "jstat": "^1.9.2"
      }
    },
    "@tomerkakou/fortune-sheet-core": {
      "version": "0.5.5",
      "resolved": "https://npm.pkg.github.com/download/@tomerkakou/fortune-sheet-core/0.5.5/4a4ceb3ee82aaac82eafbd1ceaf9024e7c9b127e",
      "integrity": "sha512-KULSGq79S/KHkCECOV1K+myHPJDJ3BR4OAO3lXkThuhKZYq6pmzHXhcUnEaesFX/7ZrSKGo1pUhCwbDVuRADtg==",
      "requires": {
        "@tomerkakou/fortune-sheet-formula-parser": "^0.2.10",
        "dayjs": "^1.11.0",
        "immer": "^9.0.12",
        "lodash": "^4.17.21",
        "numeral": "^2.0.6",
        "uuid": "^8.3.2"
      }
    },
    "@tomerkakou/fortune-sheet-formula-parser": {
      "version": "0.2.10",
      "resolved": "https://npm.pkg.github.com/download/@tomerkakou/fortune-sheet-formula-parser/0.2.10/5924efd92bbf9db68e962f0647197bf3b4df9bb1",
      "integrity": "sha512-vIrCzDvdfJbrjqmZUQSITZ05+VpYfIXlYxymo28dm+eOEMegZWbMxL/O4i+ueAgRbOV0lmf6WeBu+IWT5Mxbgg==",
      "requires": {
        "@formulajs/formulajs": "^2.9.3",
        "tiny-emitter": "^2.1.0"
      }
    },
    "bessel": {
      "version": "1.0.2",
      "resolved": "https://registry.npmjs.org/bessel/-/bessel-1.0.2.tgz",
      "integrity": "sha512-Al3nHGQGqDYqqinXhQzmwmcRToe/3WyBv4N8aZc5Pef8xw2neZlR9VPi84Sa23JtgWcucu18HxVZrnI0fn2etw=="
    },
    "dayjs": {
      "version": "1.11.10",
      "resolved": "https://registry.npmjs.org/dayjs/-/dayjs-1.11.10.tgz",
      "integrity": "sha512-vjAczensTgRcqDERK0SR2XMwsF/tSvnvlv6VcF2GIhg6Sx4yOIt/irsr1RDJsKiIyBzJDpCoXiWWq28MqH2cnQ=="
    },
    "immer": {
      "version": "9.0.21",
      "resolved": "https://registry.npmjs.org/immer/-/immer-9.0.21.tgz",
      "integrity": "sha512-bc4NBHqOqSfRW7POMkHd51LvClaeMXpm8dx0e8oE2GORbq5aRK7Bxl4FyzVLdGtLmvLKL7BTDBG5ACQm4HWjTA=="
    },
    "jstat": {
      "version": "1.9.6",
      "resolved": "https://registry.npmjs.org/jstat/-/jstat-1.9.6.tgz",
      "integrity": "sha512-rPBkJbK2TnA8pzs93QcDDPlKcrtZWuuCo2dVR0TFLOJSxhqfWOVCSp8aV3/oSbn+4uY4yw1URtLpHQedtmXfug=="
    },
    "lodash": {
      "version": "4.17.21",
      "resolved": "https://registry.npmjs.org/lodash/-/lodash-4.17.21.tgz",
      "integrity": "sha512-v2kDEe57lecTulaDIuNTPy3Ry4gLGJ6Z1O3vE1krgXZNrsQ+LFTGHVxVjcXPs17LhbZVGedAJv8XZ1tvj5FvSg=="
    },
    "numeral": {
      "version": "2.0.6",
      "resolved": "https://registry.npmjs.org/numeral/-/numeral-2.0.6.tgz",
      "integrity": "sha512-qaKRmtYPZ5qdw4jWJD6bxEf1FJEqllJrwxCLIm0sQU/A7v2/czigzOb+C2uSiFsa9lBUzeH7M1oK+Q+OLxL3kA=="
    },
    "tiny-emitter": {
      "version": "2.1.0",
      "resolved": "https://registry.npmjs.org/tiny-emitter/-/tiny-emitter-2.1.0.tgz",
      "integrity": "sha512-NB6Dk1A9xgQPMoGqC5CVXn123gWyte215ONT5Pp5a0yt4nlEoO1ZWeCwpncaekPHXO60i47ihFnZPiRPjRMq4Q=="
    },
    "uuid": {
      "version": "8.3.2",
      "resolved": "https://registry.npmjs.org/uuid/-/uuid-8.3.2.tgz",
      "integrity": "sha512-+NYs2QeMWy+GWFOEm9xnn6HCDp0l7QBD7ml8zLUmJ+93Q5NF0NocErnwkTkXVFNiX3/fpC6afS8Dhb/gz7R7eg=="
    }
  }
}
